// !$*UTF8*$!
{
	archiveVersion = 1;
	classes = {
	};
	objectVersion = 46;
	objects = {

/* Begin PBXBuildFile section */
		DD4BEEC51AFBCCFE00382D3C /* AppDelegate.swift in Sources */ = {isa = PBXBuildFile; fileRef = DD4BEEC41AFBCCFE00382D3C /* AppDelegate.swift */; };
		DD4BEEC71AFBCCFE00382D3C /* Images.xcassets in Resources */ = {isa = PBXBuildFile; fileRef = DD4BEEC61AFBCCFE00382D3C /* Images.xcassets */; };
		DD4BEECA1AFBCCFE00382D3C /* LaunchScreen.xib in Resources */ = {isa = PBXBuildFile; fileRef = DD4BEEC81AFBCCFE00382D3C /* LaunchScreen.xib */; };
		DD4BEED61AFBCCFE00382D3C /* Custom_UITableView_CellsTests.swift in Sources */ = {isa = PBXBuildFile; fileRef = DD4BEED51AFBCCFE00382D3C /* Custom_UITableView_CellsTests.swift */; };
		DD4BEEE21AFBCEFE00382D3C /* TableView.swift in Sources */ = {isa = PBXBuildFile; fileRef = DD4BEEE11AFBCEFE00382D3C /* TableView.swift */; };
/* End PBXBuildFile section */

/* Begin PBXContainerItemProxy section */
		DD4BEED01AFBCCFE00382D3C /* PBXContainerItemProxy */ = {
			isa = PBXContainerItemProxy;
			containerPortal = DD4BEEB71AFBCCFE00382D3C /* Project object */;
			proxyType = 1;
			remoteGlobalIDString = DD4BEEBE1AFBCCFE00382D3C;
			remoteInfo = Custom_UITableView_Cells;
		};
/* End PBXContainerItemProxy section */

/* Begin PBXFileReference section */
		DD4BEEBF1AFBCCFE00382D3C /* Custom_UITableView_Cells.app */ = {isa = PBXFileReference; explicitFileType = wrapper.application; includeInIndex = 0; path = Custom_UITableView_Cells.app; sourceTree = BUILT_PRODUCTS_DIR; };
		DD4BEEC31AFBCCFE00382D3C /* Info.plist */ = {isa = PBXFileReference; lastKnownFileType = text.plist.xml; path = Info.plist; sourceTree = "<group>"; };
		DD4BEEC41AFBCCFE00382D3C /* AppDelegate.swift */ = {isa = PBXFileReference; lastKnownFileType = sourcecode.swift; path = AppDelegate.swift; sourceTree = "<group>"; };
		DD4BEEC61AFBCCFE00382D3C /* Images.xcassets */ = {isa = PBXFileReference; lastKnownFileType = folder.assetcatalog; path = Images.xcassets; sourceTree = "<group>"; };
		DD4BEEC91AFBCCFE00382D3C /* Base */ = {isa = PBXFileReference; lastKnownFileType = file.xib; name = Base; path = Base.lproj/LaunchScreen.xib; sourceTree = "<group>"; };
		DD4BEECF1AFBCCFE00382D3C /* Custom_UITableView_CellsTests.xctest */ = {isa = PBXFileReference; explicitFileType = wrapper.cfbundle; includeInIndex = 0; path = Custom_UITableView_CellsTests.xctest; sourceTree = BUILT_PRODUCTS_DIR; };
		DD4BEED41AFBCCFE00382D3C /* Info.plist */ = {isa = PBXFileReference; lastKnownFileType = text.plist.xml; path = Info.plist; sourceTree = "<group>"; };
		DD4BEED51AFBCCFE00382D3C /* Custom_UITableView_CellsTests.swift */ = {isa = PBXFileReference; lastKnownFileType = sourcecode.swift; path = Custom_UITableView_CellsTests.swift; sourceTree = "<group>"; };
		DD4BEEE11AFBCEFE00382D3C /* TableView.swift */ = {isa = PBXFileReference; fileEncoding = 4; lastKnownFileType = sourcecode.swift; path = TableView.swift; sourceTree = "<group>"; };
/* End PBXFileReference section */

/* Begin PBXFrameworksBuildPhase section */
		DD4BEEBC1AFBCCFE00382D3C /* Frameworks */ = {
			isa = PBXFrameworksBuildPhase;
			buildActionMask = 2147483647;
			files = (
			);
			runOnlyForDeploymentPostprocessing = 0;
		};
		DD4BEECC1AFBCCFE00382D3C /* Frameworks */ = {
			isa = PBXFrameworksBuildPhase;
			buildActionMask = 2147483647;
			files = (
			);
			runOnlyForDeploymentPostprocessing = 0;
		};
/* End PBXFrameworksBuildPhase section */

/* Begin PBXGroup section */
		DD4BEEB61AFBCCFE00382D3C = {
			isa = PBXGroup;
			children = (
				DD4BEEC11AFBCCFE00382D3C /* Custom_UITableView_Cells */,
				DD4BEED21AFBCCFE00382D3C /* Custom_UITableView_CellsTests */,
				DD4BEEC01AFBCCFE00382D3C /* Products */,
			);
			sourceTree = "<group>";
		};
		DD4BEEC01AFBCCFE00382D3C /* Products */ = {
			isa = PBXGroup;
			children = (
				DD4BEEBF1AFBCCFE00382D3C /* Custom_UITableView_Cells.app */,
				DD4BEECF1AFBCCFE00382D3C /* Custom_UITableView_CellsTests.xctest */,
			);
			name = Products;
			sourceTree = "<group>";
		};
		DD4BEEC11AFBCCFE00382D3C /* Custom_UITableView_Cells */ = {
			isa = PBXGroup;
			children = (
				DD4BEEDF1AFBCEE000382D3C /* Apps */,
				DD4BEEC41AFBCCFE00382D3C /* AppDelegate.swift */,
				DD4BEEC61AFBCCFE00382D3C /* Images.xcassets */,
				DD4BEEC81AFBCCFE00382D3C /* LaunchScreen.xib */,
				DD4BEEC21AFBCCFE00382D3C /* Supporting Files */,
			);
			path = Custom_UITableView_Cells;
			sourceTree = "<group>";
		};
		DD4BEEC21AFBCCFE00382D3C /* Supporting Files */ = {
			isa = PBXGroup;
			children = (
				DD4BEEC31AFBCCFE00382D3C /* Info.plist */,
			);
			name = "Supporting Files";
			sourceTree = "<group>";
		};
		DD4BEED21AFBCCFE00382D3C /* Custom_UITableView_CellsTests */ = {
			isa = PBXGroup;
			children = (
				DD4BEED51AFBCCFE00382D3C /* Custom_UITableView_CellsTests.swift */,
				DD4BEED31AFBCCFE00382D3C /* Supporting Files */,
			);
			path = Custom_UITableView_CellsTests;
			sourceTree = "<group>";
		};
		DD4BEED31AFBCCFE00382D3C /* Supporting Files */ = {
			isa = PBXGroup;
			children = (
				DD4BEED41AFBCCFE00382D3C /* Info.plist */,
			);
			name = "Supporting Files";
			sourceTree = "<group>";
		};
		DD4BEEDF1AFBCEE000382D3C /* Apps */ = {
			isa = PBXGroup;
			children = (
				DD4BEEE01AFBCEE000382D3C /* View */,
			);
			path = Apps;
			sourceTree = "<group>";
		};
		DD4BEEE01AFBCEE000382D3C /* View */ = {
			isa = PBXGroup;
			children = (
				DD4BEEE11AFBCEFE00382D3C /* TableView.swift */,
			);
			path = View;
			sourceTree = "<group>";
		};
/* End PBXGroup section */

/* Begin PBXNativeTarget section */
		DD4BEEBE1AFBCCFE00382D3C /* Custom_UITableView_Cells */ = {
			isa = PBXNativeTarget;
			buildConfigurationList = DD4BEED91AFBCCFE00382D3C /* Build configuration list for PBXNativeTarget "Custom_UITableView_Cells" */;
			buildPhases = (
				DD4BEEBB1AFBCCFE00382D3C /* Sources */,
				DD4BEEBC1AFBCCFE00382D3C /* Frameworks */,
				DD4BEEBD1AFBCCFE00382D3C /* Resources */,
			);
			buildRules = (
			);
			dependencies = (
			);
			name = Custom_UITableView_Cells;
			productName = Custom_UITableView_Cells;
			productReference = DD4BEEBF1AFBCCFE00382D3C /* Custom_UITableView_Cells.app */;
			productType = "com.apple.product-type.application";
		};
		DD4BEECE1AFBCCFE00382D3C /* Custom_UITableView_CellsTests */ = {
			isa = PBXNativeTarget;
			buildConfigurationList = DD4BEEDC1AFBCCFE00382D3C /* Build configuration list for PBXNativeTarget "Custom_UITableView_CellsTests" */;
			buildPhases = (
				DD4BEECB1AFBCCFE00382D3C /* Sources */,
				DD4BEECC1AFBCCFE00382D3C /* Frameworks */,
				DD4BEECD1AFBCCFE00382D3C /* Resources */,
			);
			buildRules = (
			);
			dependencies = (
				DD4BEED11AFBCCFE00382D3C /* PBXTargetDependency */,
			);
			name = Custom_UITableView_CellsTests;
			productName = Custom_UITableView_CellsTests;
			productReference = DD4BEECF1AFBCCFE00382D3C /* Custom_UITableView_CellsTests.xctest */;
			productType = "com.apple.product-type.bundle.unit-test";
		};
/* End PBXNativeTarget section */

/* Begin PBXProject section */
		DD4BEEB71AFBCCFE00382D3C /* Project object */ = {
			isa = PBXProject;
			attributes = {
				LastUpgradeCheck = 0630;
				ORGANIZATIONNAME = "Elad Rahmim";
				TargetAttributes = {
					DD4BEEBE1AFBCCFE00382D3C = {
						CreatedOnToolsVersion = 6.3.1;
					};
					DD4BEECE1AFBCCFE00382D3C = {
						CreatedOnToolsVersion = 6.3.1;
						TestTargetID = DD4BEEBE1AFBCCFE00382D3C;
					};
				};
			};
			buildConfigurationList = DD4BEEBA1AFBCCFE00382D3C /* Build configuration list for PBXProject "Custom_UITableView_Cells" */;
			compatibilityVersion = "Xcode 3.2";
			developmentRegion = English;
			hasScannedForEncodings = 0;
			knownRegions = (
				en,
				Base,
			);
			mainGroup = DD4BEEB61AFBCCFE00382D3C;
			productRefGroup = DD4BEEC01AFBCCFE00382D3C /* Products */;
			projectDirPath = "";
			projectRoot = "";
			targets = (
				DD4BEEBE1AFBCCFE00382D3C /* Custom_UITableView_Cells */,
				DD4BEECE1AFBCCFE00382D3C /* Custom_UITableView_CellsTests */,
			);
		};
/* End PBXProject section */

/* Begin PBXResourcesBuildPhase section */
		DD4BEEBD1AFBCCFE00382D3C /* Resources */ = {
			isa = PBXResourcesBuildPhase;
			buildActionMask = 2147483647;
			files = (
				DD4BEECA1AFBCCFE00382D3C /* LaunchScreen.xib in Resources */,
				DD4BEEC71AFBCCFE00382D3C /* Images.xcassets in Resources */,
			);
			runOnlyForDeploymentPostprocessing = 0;
		};
		DD4BEECD1AFBCCFE00382D3C /* Resources */ = {
			isa = PBXResourcesBuildPhase;
			buildActionMask = 2147483647;
			files = (
			);
			runOnlyForDeploymentPostprocessing = 0;
		};
/* End PBXResourcesBuildPhase section */

/* Begin PBXSourcesBuildPhase section */
		DD4BEEBB1AFBCCFE00382D3C /* Sources */ = {
			isa = PBXSourcesBuildPhase;
			buildActionMask = 2147483647;
			files = (
				DD4BEEC51AFBCCFE00382D3C /* AppDelegate.swift in Sources */,
				DD4BEEE21AFBCEFE00382D3C /* TableView.swift in Sources */,
			);
			runOnlyForDeploymentPostprocessing = 0;
		};
		DD4BEECB1AFBCCFE00382D3C /* Sources */ = {
			isa = PBXSourcesBuildPhase;
			buildActionMask = 2147483647;
			files = (
				DD4BEED61AFBCCFE00382D3C /* Custom_UITableView_CellsTests.swift in Sources */,
			);
			runOnlyForDeploymentPostprocessing = 0;
		};
/* End PBXSourcesBuildPhase section */

/* Begin PBXTargetDependency section */
		DD4BEED11AFBCCFE00382D3C /* PBXTargetDependency */ = {
			isa = PBXTargetDependency;
			target = DD4BEEBE1AFBCCFE00382D3C /* Custom_UITableView_Cells */;
			targetProxy = DD4BEED01AFBCCFE00382D3C /* PBXContainerItemProxy */;
		};
/* End PBXTargetDependency section */

/* Begin PBXVariantGroup section */
		DD4BEEC81AFBCCFE00382D3C /* LaunchScreen.xib */ = {
			isa = PBXVariantGroup;
			children = (
				DD4BEEC91AFBCCFE00382D3C /* Base */,
			);
			name = LaunchScreen.xib;
			sourceTree = "<group>";
		};
/* End PBXVariantGroup section */

/* Begin XCBuildConfiguration section */
		DD4BEED71AFBCCFE00382D3C /* Debug */ = {
			isa = XCBuildConfiguration;
			buildSettings = {
				ALWAYS_SEARCH_USER_PATHS = NO;
				CLANG_CXX_LANGUAGE_STANDARD = "gnu++0x";
				CLANG_CXX_LIBRARY = "libc++";
				CLANG_ENABLE_MODULES = YES;
				CLANG_ENABLE_OBJC_ARC = YES;
				CLANG_WARN_BOOL_CONVERSION = YES;
				CLANG_WARN_CONSTANT_CONVERSION = YES;
				CLANG_WARN_DIRECT_OBJC_ISA_USAGE = YES_ERROR;
				CLANG_WARN_EMPTY_BODY = YES;
				CLANG_WARN_ENUM_CONVERSION = YES;
				CLANG_WARN_INT_CONVERSION = YES;
				CLANG_WARN_OBJC_ROOT_CLASS = YES_ERROR;
				CLANG_WARN_UNREACHABLE_CODE = YES;
				CLANG_WARN__DUPLICATE_METHOD_MATCH = YES;
				"CODE_SIGN_IDENTITY[sdk=iphoneos*]" = "iPhone Developer";
				COPY_PHASE_STRIP = NO;
				DEBUG_INFORMATION_FORMAT = "dwarf-with-dsym";
				ENABLE_STRICT_OBJC_MSGSEND = YES;
				GCC_C_LANGUAGE_STANDARD = gnu99;
				GCC_DYNAMIC_NO_PIC = NO;
				GCC_NO_COMMON_BLOCKS = YES;
				GCC_OPTIMIZATION_LEVEL = 0;
				GCC_PREPROCESSOR_DEFINITIONS = (
					"DEBUG=1",
					"$(inherited)",
				);
				GCC_SYMBOLS_PRIVATE_EXTERN = NO;
				GCC_WARN_64_TO_32_BIT_CONVERSION = YES;
				GCC_WARN_ABOUT_RETURN_TYPE = YES_ERROR;
				GCC_WARN_UNDECLARED_SELECTOR = YES;
				GCC_WARN_UNINITIALIZED_AUTOS = YES_AGGRESSIVE;
				GCC_WARN_UNUSED_FUNCTION = YES;
				GCC_WARN_UNUSED_VARIABLE = YES;
				IPHONEOS_DEPLOYMENT_TARGET = 8.3;
				MTL_ENABLE_DEBUG_INFO = YES;
				ONLY_ACTIVE_ARCH = YES;
				SDKROOT = iphoneos;
				SWIFT_OPTIMIZATION_LEVEL = "-Onone";
				TARGETED_DEVICE_FAMILY = "1,2";
			};
			name = Debug;
		};
		DD4BEED81AFBCCFE00382D3C /* Release */ = {
			isa = XCBuildConfiguration;
			buildSettings = {
				ALWAYS_SEARCH_USER_PATHS = NO;
				CLANG_CXX_LANGUAGE_STANDARD = "gnu++0x";
				CLANG_CXX_LIBRARY = "libc++";
				CLANG_ENABLE_MODULES = YES;
				CLANG_ENABLE_OBJC_ARC = YES;
				CLANG_WARN_BOOL_CONVERSION = YES;
				CLANG_WARN_CONSTANT_CONVERSION = YES;
				CLANG_WARN_DIRECT_OBJC_ISA_USAGE = YES_ERROR;
				CLANG_WARN_EMPTY_BODY = YES;
				CLANG_WARN_ENUM_CONVERSION = YES;
				CLANG_WARN_INT_CONVERSION = YES;
				CLANG_WARN_OBJC_ROOT_CLASS = YES_ERROR;
				CLANG_WARN_UNREACHABLE_CODE = YES;
				CLANG_WARN__DUPLICATE_METHOD_MATCH = YES;
				"CODE_SIGN_IDENTITY[sdk=iphoneos*]" = "iPhone Developer";
				COPY_PHASE_STRIP = NO;
				DEBUG_INFORMATION_FORMAT = "dwarf-with-dsym";
				ENABLE_NS_ASSERTIONS = NO;
				ENABLE_STRICT_OBJC_MSGSEND = YES;
				GCC_C_LANGUAGE_STANDARD = gnu99;
				GCC_NO_COMMON_BLOCKS = YES;
				GCC_WARN_64_TO_32_BIT_CONVERSION = YES;
				GCC_WARN_ABOUT_RETURN_TYPE = YES_ERROR;
				GCC_WARN_UNDECLARED_SELECTOR = YES;
				GCC_WARN_UNINITIALIZED_AUTOS = YES_AGGRESSIVE;
				GCC_WARN_UNUSED_FUNCTION = YES;
				GCC_WARN_UNUSED_VARIABLE = YES;
				IPHONEOS_DEPLOYMENT_TARGET = 8.3;
				MTL_ENABLE_DEBUG_INFO = NO;
				SDKROOT = iphoneos;
				TARGETED_DEVICE_FAMILY = "1,2";
				VALIDATE_PRODUCT = YES;
			};
			name = Release;
		};
		DD4BEEDA1AFBCCFE00382D3C /* Debug */ = {
			isa = XCBuildConfiguration;
			buildSettings = {
				ASSETCATALOG_COMPILER_APPICON_NAME = AppIcon;
				INFOPLIST_FILE = Custom_UITableView_Cells/Info.plist;
				LD_RUNPATH_SEARCH_PATHS = "$(inherited) @executable_path/Frameworks";
				PRODUCT_NAME = "$(TARGET_NAME)";
			};
			name = Debug;
		};
		DD4BEEDB1AFBCCFE00382D3C /* Release */ = {
			isa = XCBuildConfiguration;
			buildSettings = {
				ASSETCATALOG_COMPILER_APPICON_NAME = AppIcon;
				INFOPLIST_FILE = Custom_UITableView_Cells/Info.plist;
				LD_RUNPATH_SEARCH_PATHS = "$(inherited) @executable_path/Frameworks";
				PRODUCT_NAME = "$(TARGET_NAME)";
			};
			name = Release;
		};
		DD4BEEDD1AFBCCFE00382D3C /* Debug */ = {
			isa = XCBuildConfiguration;
			buildSettings = {
				BUNDLE_LOADER = "$(TEST_HOST)";
				FRAMEWORK_SEARCH_PATHS = (
					"$(SDKROOT)/Developer/Library/Frameworks",
					"$(inherited)",
				);
				GCC_PREPROCESSOR_DEFINITIONS = (
					"DEBUG=1",
					"$(inherited)",
				);
				INFOPLIST_FILE = Custom_UITableView_CellsTests/Info.plist;
				LD_RUNPATH_SEARCH_PATHS = "$(inherited) @executable_path/Frameworks @loader_path/Frameworks";
				PRODUCT_NAME = "$(TARGET_NAME)";
				TEST_HOST = "$(BUILT_PRODUCTS_DIR)/Custom_UITableView_Cells.app/Custom_UITableView_Cells";
			};
			name = Debug;
		};
		DD4BEEDE1AFBCCFE00382D3C /* Release */ = {
			isa = XCBuildConfiguration;
			buildSettings = {
				BUNDLE_LOADER = "$(TEST_HOST)";
				FRAMEWORK_SEARCH_PATHS = (
					"$(SDKROOT)/Developer/Library/Frameworks",
					"$(inherited)",
				);
				INFOPLIST_FILE = Custom_UITableView_CellsTests/Info.plist;
				LD_RUNPATH_SEARCH_PATHS = "$(inherited) @executable_path/Frameworks @loader_path/Frameworks";
				PRODUCT_NAME = "$(TARGET_NAME)";
				TEST_HOST = "$(BUILT_PRODUCTS_DIR)/Custom_UITableView_Cells.app/Custom_UITableView_Cells";
			};
			name = Release;
		};
/* End XCBuildConfiguration section */

/* Begin XCConfigurationList section */
		DD4BEEBA1AFBCCFE00382D3C /* Build configuration list for PBXProject "Custom_UITableView_Cells" */ = {
			isa = XCConfigurationList;
			buildConfigurations = (
				DD4BEED71AFBCCFE00382D3C /* Debug */,
				DD4BEED81AFBCCFE00382D3C /* Release */,
			);
			defaultConfigurationIsVisible = 0;
			defaultConfigurationName = Release;
		};
		DD4BEED91AFBCCFE00382D3C /* Build configuration list for PBXNativeTarget "Custom_UITableView_Cells" */ = {
			isa = XCConfigurationList;
			buildConfigurations = (
				DD4BEEDA1AFBCCFE00382D3C /* Debug */,
				DD4BEEDB1AFBCCFE00382D3C /* Release */,
			);
			defaultConfigurationIsVisible = 0;
		};
		DD4BEEDC1AFBCCFE00382D3C /* Build configuration list for PBXNativeTarget "Custom_UITableView_CellsTests" */ = {
			isa = XCConfigurationList;
			buildConfigurations = (
				DD4BEEDD1AFBCCFE00382D3C /* Debug */,
				DD4BEEDE1AFBCCFE00382D3C /* Release */,
			);
			defaultConfigurationIsVisible = 0;
		};
/* End XCConfigurationList section */
	};
	rootObject = DD4BEEB71AFBCCFE00382D3C /* Project object */;
}
